
Microsoft Visual Studio Solution File, Format Version 12.00
# Visual Studio Version 16
VisualStudioVersion = 16.0.808.10
MinimumVisualStudioVersion = 10.0.40219.1
Project("{FAE04EC0-301F-11D3-BF4B-00C04F79EFBC}") = "IS415ProjectOne", "IS415ProjectOne\IS415ProjectOne.csproj", "{DCEC9447-578B-43F0-AFCA-90E2BFC345D2}"
EndProject
Global
	GlobalSection(SolutionConfigurationPlatforms) = preSolution
		Debug|Any CPU = Debug|Any CPU
		Release|Any CPU = Release|Any CPU
	EndGlobalSection
	GlobalSection(ProjectConfigurationPlatforms) = postSolution
		{DCEC9447-578B-43F0-AFCA-90E2BFC345D2}.Debug|Any CPU.ActiveCfg = Debug|Any CPU
		{DCEC9447-578B-43F0-AFCA-90E2BFC345D2}.Debug|Any CPU.Build.0 = Debug|Any CPU
		{DCEC9447-578B-43F0-AFCA-90E2BFC345D2}.Release|Any CPU.ActiveCfg = Release|Any CPU
		{DCEC9447-578B-43F0-AFCA-90E2BFC345D2}.Release|Any CPU.Build.0 = Release|Any CPU
	EndGlobalSection
	GlobalSection(SolutionProperties) = preSolution
		HideSolutionNode = FALSE
	EndGlobalSection
	GlobalSection(ExtensibilityGlobals) = postSolution
		SolutionGuid = {184BEE1B-1299-42E2-8F00-D725EE670D32}
	EndGlobalSection
EndGlobal
